
Microsoft Visual Studio Solution File, Format Version 12.00
Project("{FAE04EC0-301F-11D3-BF4B-00C04F79EFBC}") = "DataGenAvroSchemaGenerator", "DataGenAvroSchemaGenerator.csproj", "{48F02DE8-8F7D-4E92-A04A-47F55A847037}"
EndProject
Project("{FAE04EC0-301F-11D3-BF4B-00C04F79EFBC}") = "tests", "tests\tests.csproj", "{6E325120-77C3-4815-8E60-E57A30AD1E47}"
EndProject
Global
	GlobalSection(SolutionConfigurationPlatforms) = preSolution
		Debug|Any CPU = Debug|Any CPU
		Release|Any CPU = Release|Any CPU
	EndGlobalSection
	GlobalSection(ProjectConfigurationPlatforms) = postSolution
		{48F02DE8-8F7D-4E92-A04A-47F55A847037}.Debug|Any CPU.ActiveCfg = Debug|Any CPU
		{48F02DE8-8F7D-4E92-A04A-47F55A847037}.Debug|Any CPU.Build.0 = Debug|Any CPU
		{48F02DE8-8F7D-4E92-A04A-47F55A847037}.Release|Any CPU.ActiveCfg = Release|Any CPU
		{48F02DE8-8F7D-4E92-A04A-47F55A847037}.Release|Any CPU.Build.0 = Release|Any CPU
		{6E325120-77C3-4815-8E60-E57A30AD1E47}.Debug|Any CPU.ActiveCfg = Debug|Any CPU
		{6E325120-77C3-4815-8E60-E57A30AD1E47}.Debug|Any CPU.Build.0 = Debug|Any CPU
		{6E325120-77C3-4815-8E60-E57A30AD1E47}.Release|Any CPU.ActiveCfg = Release|Any CPU
		{6E325120-77C3-4815-8E60-E57A30AD1E47}.Release|Any CPU.Build.0 = Release|Any CPU
	EndGlobalSection
EndGlobal
